
Microsoft Visual Studio Solution File, Format Version 12.00
# Visual Studio Version 17
VisualStudioVersion = 17.2.32519.379
MinimumVisualStudioVersion = 10.0.40219.1
Project("{FAE04EC0-301F-11D3-BF4B-00C04F79EFBC}") = "Microservices.Web", "Microservices.Web\Microservices.Web.csproj", "{3A886971-3035-4D8C-BB49-CF66533156E1}"
EndProject
Project("{FAE04EC0-301F-11D3-BF4B-00C04F79EFBC}") = "Microservices.Services.Product", "Microservices.Services.Product\Microservices.Services.Product.csproj", "{C88E4D76-0BAD-4768-9139-6EBE4A29564A}"
EndProject
Global
	GlobalSection(SolutionConfigurationPlatforms) = preSolution
		Debug|Any CPU = Debug|Any CPU
		Release|Any CPU = Release|Any CPU
	EndGlobalSection
	GlobalSection(ProjectConfigurationPlatforms) = postSolution
		{3A886971-3035-4D8C-BB49-CF66533156E1}.Debug|Any CPU.ActiveCfg = Debug|Any CPU
		{3A886971-3035-4D8C-BB49-CF66533156E1}.Debug|Any CPU.Build.0 = Debug|Any CPU
		{3A886971-3035-4D8C-BB49-CF66533156E1}.Release|Any CPU.ActiveCfg = Release|Any CPU
		{3A886971-3035-4D8C-BB49-CF66533156E1}.Release|Any CPU.Build.0 = Release|Any CPU
		{C88E4D76-0BAD-4768-9139-6EBE4A29564A}.Debug|Any CPU.ActiveCfg = Debug|Any CPU
		{C88E4D76-0BAD-4768-9139-6EBE4A29564A}.Debug|Any CPU.Build.0 = Debug|Any CPU
		{C88E4D76-0BAD-4768-9139-6EBE4A29564A}.Release|Any CPU.ActiveCfg = Release|Any CPU
		{C88E4D76-0BAD-4768-9139-6EBE4A29564A}.Release|Any CPU.Build.0 = Release|Any CPU
	EndGlobalSection
	GlobalSection(SolutionProperties) = preSolution
		HideSolutionNode = FALSE
	EndGlobalSection
	GlobalSection(ExtensibilityGlobals) = postSolution
		SolutionGuid = {8A6A9242-FEC2-4944-8414-B713FF76A0AE}
	EndGlobalSection
EndGlobal
